
Microsoft Visual Studio Solution File, Format Version 12.00
# Visual Studio Version 16
VisualStudioVersion = 16.0.30413.136
MinimumVisualStudioVersion = 10.0.40219.1
Project("{FAE04EC0-301F-11D3-BF4B-00C04F79EFBC}") = "Pilas", "Pilas\Pilas.csproj", "{835887E9-52A1-41A0-94A0-A790E844602A}"
EndProject
Global
	GlobalSection(SolutionConfigurationPlatforms) = preSolution
		Debug|Any CPU = Debug|Any CPU
		Release|Any CPU = Release|Any CPU
	EndGlobalSection
	GlobalSection(ProjectConfigurationPlatforms) = postSolution
		{835887E9-52A1-41A0-94A0-A790E844602A}.Debug|Any CPU.ActiveCfg = Debug|Any CPU
		{835887E9-52A1-41A0-94A0-A790E844602A}.Debug|Any CPU.Build.0 = Debug|Any CPU
		{835887E9-52A1-41A0-94A0-A790E844602A}.Release|Any CPU.ActiveCfg = Release|Any CPU
		{835887E9-52A1-41A0-94A0-A790E844602A}.Release|Any CPU.Build.0 = Release|Any CPU
	EndGlobalSection
	GlobalSection(SolutionProperties) = preSolution
		HideSolutionNode = FALSE
	EndGlobalSection
	GlobalSection(ExtensibilityGlobals) = postSolution
		SolutionGuid = {BB38796A-5346-4094-B6BB-4B2A86DCCF42}
	EndGlobalSection
EndGlobal
